<?xml version="1.0" encoding="utf-8"?>
<Project ToolsVersion="4.0" xmlns="http://schemas.microsoft.com/developer/msbuild/2003">
  <ItemGroup>
    <Filter Include="Source Files">
      <UniqueIdentifier>{4FC737F1-C7A5-4376-A066-2A32D752A2FF}</UniqueIdentifier>
      <Extensions>cpp;c;cc;cxx;def;odl;idl;hpj;bat;asm;asmx</Extensions>
    </Filter>
    <Filter Include="Header Files">
      <UniqueIdentifier>{93995380-89BD-4b04-88EB-625FBE52EBFB}</UniqueIdentifier>
      <Extensions>h;hh;hpp;hxx;hm;inl;inc;xsd</Extensions>
    </Filter>
    <Filter Include="Resource Files">
      <UniqueIdentifier>{67DA6AB6-F800-4c08-8B7A-83BB121AAD01}</UniqueIdentifier>
      <Extensions>rc;ico;cur;bmp;dlg;rc2;rct;bin;rgs;gif;jpg;jpeg;jpe;resx;tiff;tif;png;wav;mfcribbon-ms</Extensions>
    </Filter>
  </ItemGroup>
  <ItemGroup>
    <ClInclude Include="include\RaSan\detail\Array.h">
      <Filter>Header Files</Filter>
    </ClInclude>
    <ClInclude Include="include\RaSan\detail\EntityID.h">
      <Filter>Header Files</Filter>
    </ClInclude>
    <ClInclude Include="include\RaSan\detail\OpaquePointer.h">
      <Filter>Header Files</Filter>
    </ClInclude>
    <ClInclude Include="include\RaSan\detail\SlotMap.h">
      <Filter>Header Files</Filter>
    </ClInclude>
    <ClInclude Include="include\RaSan\detail\TypeIndex.h">
      <Filter>Header Files</Filter>
    </ClInclude>
    <ClInclude Include="include\RaSan\detail\Types.h">
      <Filter>Header Files</Filter>
    </ClInclude>
    <ClInclude Include="include\RaSan\Entity.h">
      <Filter>Header Files</Filter>
    </ClInclude>
    <ClInclude Include="include\Unen\TList.h">
      <Filter>Header Files</Filter>
    </ClInclude>
    <ClInclude Include="include\Unen\Unen.h">
      <Filter>Header Files</Filter>
    </ClInclude>
    <ClInclude Include="include\RaSan\Settings.h">
      <Filter>Header Files</Filter>
    </ClInclude>
    <ClInclude Include="include\RaSan\ComponentContainer.h">
      <Filter>Header Files</Filter>
    </ClInclude>
    <ClInclude Include="include\RaSan\Component.h">
      <Filter>Header Files</Filter>
    </ClInclude>
    <ClInclude Include="include\RaSan\EntityManager.h">
      <Filter>Header Files</Filter>
    </ClInclude>
    <ClInclude Include="include\RaSan\World.h">
      <Filter>Header Files</Filter>
    </ClInclude>
    <ClInclude Include="include\RaSan\System.h">
      <Filter>Header Files</Filter>
    </ClInclude>
    <ClInclude Include="include\RaSan\detail\HasEntityChecker.h">
      <Filter>Header Files</Filter>
    </ClInclude>
    <ClInclude Include="include\RaSan\SystemManager.h">
      <Filter>Header Files</Filter>
    </ClInclude>
  </ItemGroup>
  <ItemGroup>
    <ClCompile Include="source\main.cpp">
      <Filter>Source Files</Filter>
    </ClCompile>
    <ClCompile Include="source\EntityManager.cpp">
      <Filter>Source Files</Filter>
    </ClCompile>
    <ClCompile Include="source\HasEntityChecker.cpp">
      <Filter>Source Files</Filter>
    </ClCompile>
    <ClCompile Include="source\System.cpp">
      <Filter>Source Files</Filter>
    </ClCompile>
    <ClCompile Include="source\SystemManager.cpp">
      <Filter>Source Files</Filter>
    </ClCompile>
    <ClCompile Include="source\World.cpp">
      <Filter>Source Files</Filter>
    </ClCompile>
    <ClCompile Include="source\ComponentContainer.cpp">
      <Filter>Source Files</Filter>
    </ClCompile>
  </ItemGroup>
</Project>